{
    "_readme": [
        "This file locks the dependencies of your project to a known state",
        "Read more about it at https://getcomposer.org/doc/01-basic-usage.md#composer-lock-the-lock-file",
        "This file is @generated automatically"
    ],
    "content-hash": "48765cbaa6441a657a3f80c5e911f7f2",
    "packages": [
        {
            "name": "izniburak/router",
            "version": "v1.1.2",
            "source": {
                "type": "git",
                "url": "https://github.com/izniburak/php-router.git",
                "reference": "89fda9dd2eacbe92c25b2aa42a46fcbc1e0a96e4"
            },
            "dist": {
                "type": "zip",
                "url": "https://api.github.com/repos/izniburak/php-router/zipball/89fda9dd2eacbe92c25b2aa42a46fcbc1e0a96e4",
                "reference": "89fda9dd2eacbe92c25b2aa42a46fcbc1e0a96e4",
                "shasum": ""
            },
            "require": {
                "php": ">=5.4.0"
            },
            "type": "library",
            "autoload": {
                "psr-4": {
                    "Buki\\": "src"
                }
            },
            "notification-url": "https://packagist.org/downloads/",
            "license": [
                "MIT"
            ],
            "authors": [
                {
                    "name": "İzni Burak Demirtaş",
                    "email": "info@burakdemirtas.org",
                    "homepage": "http://burakdemirtas.org"
                }
            ],
            "description": "simple router class for php",
            "homepage": "https://github.com/izniburak/php-router",
            "keywords": [
                "Simple",
                "php",
                "route",
                "router"
            ],
            "time": "2018-01-20T18:19:54+00:00"
        }
    ],
    "packages-dev": [],
    "aliases": [],
    "minimum-stability": "stable",
    "stability-flags": [],
    "prefer-stable": false,
    "prefer-lowest": false,
    "platform": [],
    "platform-dev": []
}
